
Microsoft Visual Studio Solution File, Format Version 11.00
# Visual Studio 2010
Project("{FAE04EC0-301F-11D3-BF4B-00C04F79EFBC}") = "AlphabetFolder", "src/Infocaster.UmbracoAwesome.AlphabetFolders/AlphabetFolder.csproj", "{D0817B15-7C84-40F7-ACD4-524C895446CC}"
EndProject
Global
	GlobalSection(SolutionConfigurationPlatforms) = preSolution
		Debug|Any CPU = Debug|Any CPU
		Release|Any CPU = Release|Any CPU
	EndGlobalSection
	GlobalSection(ProjectConfigurationPlatforms) = postSolution
		{D0817B15-7C84-40F7-ACD4-524C895446CC}.Debug|Any CPU.ActiveCfg = Debug|Any CPU
		{D0817B15-7C84-40F7-ACD4-524C895446CC}.Debug|Any CPU.Build.0 = Debug|Any CPU
		{D0817B15-7C84-40F7-ACD4-524C895446CC}.Release|Any CPU.ActiveCfg = Release|Any CPU
		{D0817B15-7C84-40F7-ACD4-524C895446CC}.Release|Any CPU.Build.0 = Release|Any CPU
	EndGlobalSection
	GlobalSection(SolutionProperties) = preSolution
		HideSolutionNode = FALSE
	EndGlobalSection
EndGlobal
