
Microsoft Visual Studio Solution File, Format Version 12.00
# Visual Studio Version 17
VisualStudioVersion = 17.0.32014.148
MinimumVisualStudioVersion = 10.0.40219.1
Project("{9A19103F-16F7-4668-BE54-9A1E7A4F7556}") = "AlphabetFolder", "src\Infocaster.UmbracoAwesome.AlphabetFolders\AlphabetFolder.csproj", "{D0817B15-7C84-40F7-ACD4-524C895446CC}"
EndProject
Project("{2150E333-8FDC-42A3-9474-1A3956D46DE8}") = "Solution Items", "Solution Items", "{F0265959-5891-4C22-9FA8-EF25D84367ED}"
	ProjectSection(SolutionItems) = preProject
		.gitignore = .gitignore
		azure-pipelines.yml = azure-pipelines.yml
		GitVersion.yml = GitVersion.yml
		README.md = README.md
		ReadMe.txt = ReadMe.txt
	EndProjectSection
EndProject
Global
	GlobalSection(SolutionConfigurationPlatforms) = preSolution
		Debug|Any CPU = Debug|Any CPU
		Release|Any CPU = Release|Any CPU
	EndGlobalSection
	GlobalSection(ProjectConfigurationPlatforms) = postSolution
		{D0817B15-7C84-40F7-ACD4-524C895446CC}.Debug|Any CPU.ActiveCfg = Debug|Any CPU
		{D0817B15-7C84-40F7-ACD4-524C895446CC}.Debug|Any CPU.Build.0 = Debug|Any CPU
		{D0817B15-7C84-40F7-ACD4-524C895446CC}.Release|Any CPU.ActiveCfg = Release|Any CPU
		{D0817B15-7C84-40F7-ACD4-524C895446CC}.Release|Any CPU.Build.0 = Release|Any CPU
	EndGlobalSection
	GlobalSection(SolutionProperties) = preSolution
		HideSolutionNode = FALSE
	EndGlobalSection
	GlobalSection(ExtensibilityGlobals) = postSolution
		SolutionGuid = {87705D5C-2F41-4F80-AC55-F370D0DA378D}
	EndGlobalSection
EndGlobal
